
Microsoft Visual Studio Solution File, Format Version 12.00
# Visual Studio 2013
VisualStudioVersion = 12.0.40629.0
MinimumVisualStudioVersion = 10.0.40219.1
Project("{FAE04EC0-301F-11D3-BF4B-00C04F79EFBC}") = "FlashBackMaps", "FlashBackMaps\FlashBackMaps.csproj", "{63F2BE8B-DD82-4FC8-8132-9E72BC199546}"
EndProject
Project("{FAE04EC0-301F-11D3-BF4B-00C04F79EFBC}") = "FlashBackMaps.Utils", "FlashBackMaps.Utils\FlashBackMaps.Utils.csproj", "{A40C702B-8B39-4055-8E4E-25F90F4B81BB}"
EndProject
Global
	GlobalSection(SolutionConfigurationPlatforms) = preSolution
		Debug|Any CPU = Debug|Any CPU
		Release|Any CPU = Release|Any CPU
	EndGlobalSection
	GlobalSection(ProjectConfigurationPlatforms) = postSolution
		{63F2BE8B-DD82-4FC8-8132-9E72BC199546}.Debug|Any CPU.ActiveCfg = Debug|Any CPU
		{63F2BE8B-DD82-4FC8-8132-9E72BC199546}.Debug|Any CPU.Build.0 = Debug|Any CPU
		{63F2BE8B-DD82-4FC8-8132-9E72BC199546}.Release|Any CPU.ActiveCfg = Release|Any CPU
		{63F2BE8B-DD82-4FC8-8132-9E72BC199546}.Release|Any CPU.Build.0 = Release|Any CPU
		{A40C702B-8B39-4055-8E4E-25F90F4B81BB}.Debug|Any CPU.ActiveCfg = Debug|Any CPU
		{A40C702B-8B39-4055-8E4E-25F90F4B81BB}.Debug|Any CPU.Build.0 = Debug|Any CPU
		{A40C702B-8B39-4055-8E4E-25F90F4B81BB}.Release|Any CPU.ActiveCfg = Release|Any CPU
		{A40C702B-8B39-4055-8E4E-25F90F4B81BB}.Release|Any CPU.Build.0 = Release|Any CPU
	EndGlobalSection
	GlobalSection(SolutionProperties) = preSolution
		HideSolutionNode = FALSE
	EndGlobalSection
EndGlobal
